
Microsoft Visual Studio Solution File, Format Version 12.00
# Visual Studio Version 17
VisualStudioVersion = 17.11.35303.130
MinimumVisualStudioVersion = 10.0.40219.1
Project("{FAE04EC0-301F-11D3-BF4B-00C04F79EFBC}") = "Tancverseny.Database", "Tancverseny.Database\Tancverseny.Database.csproj", "{D8F58363-A671-4F8E-9885-F0B60090FD70}"
EndProject
Project("{FAE04EC0-301F-11D3-BF4B-00C04F79EFBC}") = "Tancverseny.ConsoleApp", "Tancverseny.ConsoleApp\Tancverseny.ConsoleApp.csproj", "{07AA1DD6-2417-418B-8338-FB20261C3A39}"
EndProject
Global
	GlobalSection(SolutionConfigurationPlatforms) = preSolution
		Debug|Any CPU = Debug|Any CPU
		Release|Any CPU = Release|Any CPU
	EndGlobalSection
	GlobalSection(ProjectConfigurationPlatforms) = postSolution
		{D8F58363-A671-4F8E-9885-F0B60090FD70}.Debug|Any CPU.ActiveCfg = Debug|Any CPU
		{D8F58363-A671-4F8E-9885-F0B60090FD70}.Debug|Any CPU.Build.0 = Debug|Any CPU
		{D8F58363-A671-4F8E-9885-F0B60090FD70}.Release|Any CPU.ActiveCfg = Release|Any CPU
		{D8F58363-A671-4F8E-9885-F0B60090FD70}.Release|Any CPU.Build.0 = Release|Any CPU
		{07AA1DD6-2417-418B-8338-FB20261C3A39}.Debug|Any CPU.ActiveCfg = Debug|Any CPU
		{07AA1DD6-2417-418B-8338-FB20261C3A39}.Debug|Any CPU.Build.0 = Debug|Any CPU
		{07AA1DD6-2417-418B-8338-FB20261C3A39}.Release|Any CPU.ActiveCfg = Release|Any CPU
		{07AA1DD6-2417-418B-8338-FB20261C3A39}.Release|Any CPU.Build.0 = Release|Any CPU
	EndGlobalSection
	GlobalSection(SolutionProperties) = preSolution
		HideSolutionNode = FALSE
	EndGlobalSection
	GlobalSection(ExtensibilityGlobals) = postSolution
		SolutionGuid = {BB69B617-719B-4775-A8AB-BE512F0D0264}
	EndGlobalSection
EndGlobal
