
Microsoft Visual Studio Solution File, Format Version 12.00
# Visual Studio Version 17
VisualStudioVersion = 17.9.34622.214
MinimumVisualStudioVersion = 10.0.40219.1
Project("{9A19103F-16F7-4668-BE54-9A1E7A4F7556}") = "01_Constructor", "01_Constructor\01_Constructor.csproj", "{10BD645A-3174-473A-8B18-F1EB8D9D19C6}"
EndProject
Project("{9A19103F-16F7-4668-BE54-9A1E7A4F7556}") = "02_Inheritance", "02_Inheritance\02_Inheritance.csproj", "{84FEB2D5-AB3D-46A7-B806-AB3402F666A6}"
EndProject
Project("{9A19103F-16F7-4668-BE54-9A1E7A4F7556}") = "03_Abstraction", "03_Abstraction\03_Abstraction.csproj", "{6CEB125C-6C47-4EC8-A617-B53B8BDC15A7}"
EndProject
Project("{FAE04EC0-301F-11D3-BF4B-00C04F79EFBC}") = "04_04_EroErzekeny", "04_04_EroErzekeny\04_04_EroErzekeny.csproj", "{5498087A-3198-41AA-89E1-4BB0BCF04688}"
EndProject
Project("{FAE04EC0-301F-11D3-BF4B-00C04F79EFBC}") = "04_05_SpaceShip", "04_05_SpaceShip\04_05_SpaceShip.csproj", "{A1F12A4A-24AB-4860-8A2E-08F517631B76}"
EndProject
Project("{FAE04EC0-301F-11D3-BF4B-00C04F79EFBC}") = "04_06_Ingatlan", "04_06_Ingatlan\04_06_Ingatlan.csproj", "{7FF802E9-7E34-44CA-8BC2-FC42EA28A1B0}"
EndProject
Global
	GlobalSection(SolutionConfigurationPlatforms) = preSolution
		Debug|Any CPU = Debug|Any CPU
		Release|Any CPU = Release|Any CPU
	EndGlobalSection
	GlobalSection(ProjectConfigurationPlatforms) = postSolution
		{10BD645A-3174-473A-8B18-F1EB8D9D19C6}.Debug|Any CPU.ActiveCfg = Debug|Any CPU
		{10BD645A-3174-473A-8B18-F1EB8D9D19C6}.Debug|Any CPU.Build.0 = Debug|Any CPU
		{10BD645A-3174-473A-8B18-F1EB8D9D19C6}.Release|Any CPU.ActiveCfg = Release|Any CPU
		{10BD645A-3174-473A-8B18-F1EB8D9D19C6}.Release|Any CPU.Build.0 = Release|Any CPU
		{84FEB2D5-AB3D-46A7-B806-AB3402F666A6}.Debug|Any CPU.ActiveCfg = Debug|Any CPU
		{84FEB2D5-AB3D-46A7-B806-AB3402F666A6}.Debug|Any CPU.Build.0 = Debug|Any CPU
		{84FEB2D5-AB3D-46A7-B806-AB3402F666A6}.Release|Any CPU.ActiveCfg = Release|Any CPU
		{84FEB2D5-AB3D-46A7-B806-AB3402F666A6}.Release|Any CPU.Build.0 = Release|Any CPU
		{6CEB125C-6C47-4EC8-A617-B53B8BDC15A7}.Debug|Any CPU.ActiveCfg = Debug|Any CPU
		{6CEB125C-6C47-4EC8-A617-B53B8BDC15A7}.Debug|Any CPU.Build.0 = Debug|Any CPU
		{6CEB125C-6C47-4EC8-A617-B53B8BDC15A7}.Release|Any CPU.ActiveCfg = Release|Any CPU
		{6CEB125C-6C47-4EC8-A617-B53B8BDC15A7}.Release|Any CPU.Build.0 = Release|Any CPU
		{5498087A-3198-41AA-89E1-4BB0BCF04688}.Debug|Any CPU.ActiveCfg = Debug|Any CPU
		{5498087A-3198-41AA-89E1-4BB0BCF04688}.Debug|Any CPU.Build.0 = Debug|Any CPU
		{5498087A-3198-41AA-89E1-4BB0BCF04688}.Release|Any CPU.ActiveCfg = Release|Any CPU
		{5498087A-3198-41AA-89E1-4BB0BCF04688}.Release|Any CPU.Build.0 = Release|Any CPU
		{A1F12A4A-24AB-4860-8A2E-08F517631B76}.Debug|Any CPU.ActiveCfg = Debug|Any CPU
		{A1F12A4A-24AB-4860-8A2E-08F517631B76}.Debug|Any CPU.Build.0 = Debug|Any CPU
		{A1F12A4A-24AB-4860-8A2E-08F517631B76}.Release|Any CPU.ActiveCfg = Release|Any CPU
		{A1F12A4A-24AB-4860-8A2E-08F517631B76}.Release|Any CPU.Build.0 = Release|Any CPU
		{7FF802E9-7E34-44CA-8BC2-FC42EA28A1B0}.Debug|Any CPU.ActiveCfg = Debug|Any CPU
		{7FF802E9-7E34-44CA-8BC2-FC42EA28A1B0}.Debug|Any CPU.Build.0 = Debug|Any CPU
		{7FF802E9-7E34-44CA-8BC2-FC42EA28A1B0}.Release|Any CPU.ActiveCfg = Release|Any CPU
		{7FF802E9-7E34-44CA-8BC2-FC42EA28A1B0}.Release|Any CPU.Build.0 = Release|Any CPU
	EndGlobalSection
	GlobalSection(SolutionProperties) = preSolution
		HideSolutionNode = FALSE
	EndGlobalSection
	GlobalSection(ExtensibilityGlobals) = postSolution
		SolutionGuid = {7AC7ED53-6549-48C3-BA0D-6560BEAF9D95}
	EndGlobalSection
EndGlobal
