
Microsoft Visual Studio Solution File, Format Version 12.00
# Visual Studio Version 17
VisualStudioVersion = 17.7.34003.232
MinimumVisualStudioVersion = 10.0.40219.1
Project("{FAE04EC0-301F-11D3-BF4B-00C04F79EFBC}") = "Feladat_00", "Feladat_00\Feladat_00.csproj", "{CE286164-17AC-4987-B7C2-A346B1BF123E}"
EndProject
Project("{FAE04EC0-301F-11D3-BF4B-00C04F79EFBC}") = "IOLibrary", "IOLibrary\IOLibrary.csproj", "{CDB75AF3-2D38-43A8-8FED-AF294F93DDD0}"
EndProject
Project("{FAE04EC0-301F-11D3-BF4B-00C04F79EFBC}") = "Feladat_000", "Feladat_000\Feladat_000.csproj", "{3FC491AA-AE57-4FC3-AA92-4EE737A8F3C9}"
EndProject
Global
	GlobalSection(SolutionConfigurationPlatforms) = preSolution
		Debug|Any CPU = Debug|Any CPU
		Release|Any CPU = Release|Any CPU
	EndGlobalSection
	GlobalSection(ProjectConfigurationPlatforms) = postSolution
		{CE286164-17AC-4987-B7C2-A346B1BF123E}.Debug|Any CPU.ActiveCfg = Debug|Any CPU
		{CE286164-17AC-4987-B7C2-A346B1BF123E}.Debug|Any CPU.Build.0 = Debug|Any CPU
		{CE286164-17AC-4987-B7C2-A346B1BF123E}.Release|Any CPU.ActiveCfg = Release|Any CPU
		{CE286164-17AC-4987-B7C2-A346B1BF123E}.Release|Any CPU.Build.0 = Release|Any CPU
		{CDB75AF3-2D38-43A8-8FED-AF294F93DDD0}.Debug|Any CPU.ActiveCfg = Debug|Any CPU
		{CDB75AF3-2D38-43A8-8FED-AF294F93DDD0}.Debug|Any CPU.Build.0 = Debug|Any CPU
		{CDB75AF3-2D38-43A8-8FED-AF294F93DDD0}.Release|Any CPU.ActiveCfg = Release|Any CPU
		{CDB75AF3-2D38-43A8-8FED-AF294F93DDD0}.Release|Any CPU.Build.0 = Release|Any CPU
		{3FC491AA-AE57-4FC3-AA92-4EE737A8F3C9}.Debug|Any CPU.ActiveCfg = Debug|Any CPU
		{3FC491AA-AE57-4FC3-AA92-4EE737A8F3C9}.Debug|Any CPU.Build.0 = Debug|Any CPU
		{3FC491AA-AE57-4FC3-AA92-4EE737A8F3C9}.Release|Any CPU.ActiveCfg = Release|Any CPU
		{3FC491AA-AE57-4FC3-AA92-4EE737A8F3C9}.Release|Any CPU.Build.0 = Release|Any CPU
	EndGlobalSection
	GlobalSection(SolutionProperties) = preSolution
		HideSolutionNode = FALSE
	EndGlobalSection
	GlobalSection(ExtensibilityGlobals) = postSolution
		SolutionGuid = {434284F7-4F4B-4838-B0A6-04242B1FF5AA}
	EndGlobalSection
EndGlobal
