
Microsoft Visual Studio Solution File, Format Version 12.00
# Visual Studio Version 17
VisualStudioVersion = 17.7.34003.232
MinimumVisualStudioVersion = 10.0.40219.1
Project("{9A19103F-16F7-4668-BE54-9A1E7A4F7556}") = "Feladat_00", "Feladat_00\Feladat_00.csproj", "{CE286164-17AC-4987-B7C2-A346B1BF123E}"
EndProject
Project("{9A19103F-16F7-4668-BE54-9A1E7A4F7556}") = "IOLibrary", "IOLibrary\IOLibrary.csproj", "{CDB75AF3-2D38-43A8-8FED-AF294F93DDD0}"
EndProject
Project("{9A19103F-16F7-4668-BE54-9A1E7A4F7556}") = "Feladat_000", "Feladat_000\Feladat_000.csproj", "{3FC491AA-AE57-4FC3-AA92-4EE737A8F3C9}"
EndProject
Project("{9A19103F-16F7-4668-BE54-9A1E7A4F7556}") = "Feladat_01", "Feladat_01\Feladat_01.csproj", "{109AF4DA-771E-444F-A654-B31A21DE54AF}"
EndProject
Project("{9A19103F-16F7-4668-BE54-9A1E7A4F7556}") = "Feladat_02", "Feladat_02\Feladat_02.csproj", "{0079B433-DFD3-418E-B4B1-7413FBFD778F}"
EndProject
Project("{9A19103F-16F7-4668-BE54-9A1E7A4F7556}") = "CustomLibrary", "CustomLibrary\CustomLibrary.csproj", "{626E87E7-4C32-4D42-A0F0-666DEF1EFB2D}"
EndProject
Project("{9A19103F-16F7-4668-BE54-9A1E7A4F7556}") = "Feladat_03", "Feladat_03\Feladat_03.csproj", "{2F8512A5-6DD6-4841-B7BF-5D29142FD692}"
EndProject
Project("{9A19103F-16F7-4668-BE54-9A1E7A4F7556}") = "Feladat_04", "Feladat_04\Feladat_04.csproj", "{BDB998C0-D178-4993-A1D4-B0CDB7D1AA90}"
EndProject
Project("{9A19103F-16F7-4668-BE54-9A1E7A4F7556}") = "nerdd", "nerdd\nerdd.csproj", "{E31B9CD9-5C99-46D8-AC18-11E3A0ABDACE}"
EndProject
Project("{9A19103F-16F7-4668-BE54-9A1E7A4F7556}") = "Feladat_06", "Feladat_06\Feladat_06.csproj", "{FF242B4C-8CAA-4502-9410-D6DFBEC78D1F}"
EndProject
Project("{9A19103F-16F7-4668-BE54-9A1E7A4F7556}") = "Feladat_11", "Feladat_11\Feladat_11.csproj", "{B4634BB3-E08C-422D-99C4-C48DF33152A9}"
EndProject
Project("{9A19103F-16F7-4668-BE54-9A1E7A4F7556}") = "Feladat_07", "Feladat_07\Feladat_07.csproj", "{3AEBF6BC-A32E-49D9-8433-E31ECE4036D8}"
EndProject
Project("{FAE04EC0-301F-11D3-BF4B-00C04F79EFBC}") = "Feladat_08", "Feladat_08\Feladat_08.csproj", "{7EFCD125-A975-41A6-991A-163884E6DA3E}"
EndProject
Global
	GlobalSection(SolutionConfigurationPlatforms) = preSolution
		Debug|Any CPU = Debug|Any CPU
		Release|Any CPU = Release|Any CPU
	EndGlobalSection
	GlobalSection(ProjectConfigurationPlatforms) = postSolution
		{CE286164-17AC-4987-B7C2-A346B1BF123E}.Debug|Any CPU.ActiveCfg = Debug|Any CPU
		{CE286164-17AC-4987-B7C2-A346B1BF123E}.Debug|Any CPU.Build.0 = Debug|Any CPU
		{CE286164-17AC-4987-B7C2-A346B1BF123E}.Release|Any CPU.ActiveCfg = Release|Any CPU
		{CE286164-17AC-4987-B7C2-A346B1BF123E}.Release|Any CPU.Build.0 = Release|Any CPU
		{CDB75AF3-2D38-43A8-8FED-AF294F93DDD0}.Debug|Any CPU.ActiveCfg = Debug|Any CPU
		{CDB75AF3-2D38-43A8-8FED-AF294F93DDD0}.Debug|Any CPU.Build.0 = Debug|Any CPU
		{CDB75AF3-2D38-43A8-8FED-AF294F93DDD0}.Release|Any CPU.ActiveCfg = Release|Any CPU
		{CDB75AF3-2D38-43A8-8FED-AF294F93DDD0}.Release|Any CPU.Build.0 = Release|Any CPU
		{3FC491AA-AE57-4FC3-AA92-4EE737A8F3C9}.Debug|Any CPU.ActiveCfg = Debug|Any CPU
		{3FC491AA-AE57-4FC3-AA92-4EE737A8F3C9}.Debug|Any CPU.Build.0 = Debug|Any CPU
		{3FC491AA-AE57-4FC3-AA92-4EE737A8F3C9}.Release|Any CPU.ActiveCfg = Release|Any CPU
		{3FC491AA-AE57-4FC3-AA92-4EE737A8F3C9}.Release|Any CPU.Build.0 = Release|Any CPU
		{109AF4DA-771E-444F-A654-B31A21DE54AF}.Debug|Any CPU.ActiveCfg = Debug|Any CPU
		{109AF4DA-771E-444F-A654-B31A21DE54AF}.Debug|Any CPU.Build.0 = Debug|Any CPU
		{109AF4DA-771E-444F-A654-B31A21DE54AF}.Release|Any CPU.ActiveCfg = Release|Any CPU
		{109AF4DA-771E-444F-A654-B31A21DE54AF}.Release|Any CPU.Build.0 = Release|Any CPU
		{0079B433-DFD3-418E-B4B1-7413FBFD778F}.Debug|Any CPU.ActiveCfg = Debug|Any CPU
		{0079B433-DFD3-418E-B4B1-7413FBFD778F}.Debug|Any CPU.Build.0 = Debug|Any CPU
		{0079B433-DFD3-418E-B4B1-7413FBFD778F}.Release|Any CPU.ActiveCfg = Release|Any CPU
		{0079B433-DFD3-418E-B4B1-7413FBFD778F}.Release|Any CPU.Build.0 = Release|Any CPU
		{626E87E7-4C32-4D42-A0F0-666DEF1EFB2D}.Debug|Any CPU.ActiveCfg = Debug|Any CPU
		{626E87E7-4C32-4D42-A0F0-666DEF1EFB2D}.Debug|Any CPU.Build.0 = Debug|Any CPU
		{626E87E7-4C32-4D42-A0F0-666DEF1EFB2D}.Release|Any CPU.ActiveCfg = Release|Any CPU
		{626E87E7-4C32-4D42-A0F0-666DEF1EFB2D}.Release|Any CPU.Build.0 = Release|Any CPU
		{2F8512A5-6DD6-4841-B7BF-5D29142FD692}.Debug|Any CPU.ActiveCfg = Debug|Any CPU
		{2F8512A5-6DD6-4841-B7BF-5D29142FD692}.Debug|Any CPU.Build.0 = Debug|Any CPU
		{2F8512A5-6DD6-4841-B7BF-5D29142FD692}.Release|Any CPU.ActiveCfg = Release|Any CPU
		{2F8512A5-6DD6-4841-B7BF-5D29142FD692}.Release|Any CPU.Build.0 = Release|Any CPU
		{BDB998C0-D178-4993-A1D4-B0CDB7D1AA90}.Debug|Any CPU.ActiveCfg = Debug|Any CPU
		{BDB998C0-D178-4993-A1D4-B0CDB7D1AA90}.Debug|Any CPU.Build.0 = Debug|Any CPU
		{BDB998C0-D178-4993-A1D4-B0CDB7D1AA90}.Release|Any CPU.ActiveCfg = Release|Any CPU
		{BDB998C0-D178-4993-A1D4-B0CDB7D1AA90}.Release|Any CPU.Build.0 = Release|Any CPU
		{E31B9CD9-5C99-46D8-AC18-11E3A0ABDACE}.Debug|Any CPU.ActiveCfg = Debug|Any CPU
		{E31B9CD9-5C99-46D8-AC18-11E3A0ABDACE}.Debug|Any CPU.Build.0 = Debug|Any CPU
		{E31B9CD9-5C99-46D8-AC18-11E3A0ABDACE}.Release|Any CPU.ActiveCfg = Release|Any CPU
		{E31B9CD9-5C99-46D8-AC18-11E3A0ABDACE}.Release|Any CPU.Build.0 = Release|Any CPU
		{FF242B4C-8CAA-4502-9410-D6DFBEC78D1F}.Debug|Any CPU.ActiveCfg = Debug|Any CPU
		{FF242B4C-8CAA-4502-9410-D6DFBEC78D1F}.Debug|Any CPU.Build.0 = Debug|Any CPU
		{FF242B4C-8CAA-4502-9410-D6DFBEC78D1F}.Release|Any CPU.ActiveCfg = Release|Any CPU
		{FF242B4C-8CAA-4502-9410-D6DFBEC78D1F}.Release|Any CPU.Build.0 = Release|Any CPU
		{B4634BB3-E08C-422D-99C4-C48DF33152A9}.Debug|Any CPU.ActiveCfg = Debug|Any CPU
		{B4634BB3-E08C-422D-99C4-C48DF33152A9}.Debug|Any CPU.Build.0 = Debug|Any CPU
		{B4634BB3-E08C-422D-99C4-C48DF33152A9}.Release|Any CPU.ActiveCfg = Release|Any CPU
		{B4634BB3-E08C-422D-99C4-C48DF33152A9}.Release|Any CPU.Build.0 = Release|Any CPU
		{3AEBF6BC-A32E-49D9-8433-E31ECE4036D8}.Debug|Any CPU.ActiveCfg = Debug|Any CPU
		{3AEBF6BC-A32E-49D9-8433-E31ECE4036D8}.Debug|Any CPU.Build.0 = Debug|Any CPU
		{3AEBF6BC-A32E-49D9-8433-E31ECE4036D8}.Release|Any CPU.ActiveCfg = Release|Any CPU
		{3AEBF6BC-A32E-49D9-8433-E31ECE4036D8}.Release|Any CPU.Build.0 = Release|Any CPU
		{7EFCD125-A975-41A6-991A-163884E6DA3E}.Debug|Any CPU.ActiveCfg = Debug|Any CPU
		{7EFCD125-A975-41A6-991A-163884E6DA3E}.Debug|Any CPU.Build.0 = Debug|Any CPU
		{7EFCD125-A975-41A6-991A-163884E6DA3E}.Release|Any CPU.ActiveCfg = Release|Any CPU
		{7EFCD125-A975-41A6-991A-163884E6DA3E}.Release|Any CPU.Build.0 = Release|Any CPU
	EndGlobalSection
	GlobalSection(SolutionProperties) = preSolution
		HideSolutionNode = FALSE
	EndGlobalSection
	GlobalSection(ExtensibilityGlobals) = postSolution
		SolutionGuid = {434284F7-4F4B-4838-B0A6-04242B1FF5AA}
	EndGlobalSection
EndGlobal
